# THIS IS AN AUTOGENERATED FILE. DO NOT EDIT THIS FILE DIRECTLY.
# yarn lockfile v1


"@candlefw/conflagrate@latest":
  version "0.0.1"
  resolved "https://registry.yarnpkg.com/@candlefw/conflagrate/-/conflagrate-0.0.1.tgz#3e0254214c9bd2a36a600885dd4a84af11466d7f"
  integrity sha512-LvfeaJSnxcMVmsPxethO7THzevIlV85FzSNYsE3pfQan1wYNvoU9/bSSHZ+A8JOrRKCTP4EzSrpsvck5vfbfsg==

"@candlefw/js@0.0.9":
  version "0.0.9"
  resolved "https://registry.yarnpkg.com/@candlefw/js/-/js-0.0.9.tgz#3cf39b6ffe34cb901aaa9dabece6e0b6ec4b6a8d"
  integrity sha512-PWTATcE/3NVhTtLbV03BpWgMEBzrIB5Gt4gutMT4tHf9evvybcSZnrmK56oWtIevGhTTGuD9tVrCUcEAqM954A==
  dependencies:
    "@candlefw/url" latest
    "@candlefw/whind" latest

"@candlefw/url@latest":
  version "0.1.0"
  resolved "https://registry.yarnpkg.com/@candlefw/url/-/url-0.1.0.tgz#ad057543641169c04a772d9c550e3126657914c2"
  integrity sha512-9Bb1rJ4xfLtRnJEcKpfsvJMOsE47XfEuORAleqMgbvGo/gePkJMQ3o4H29VKHUir1XHmAkcK10b7i62HhGEwHg==
  dependencies:
    "@candlefw/whind" latest

"@candlefw/whind@latest":
  version "0.4.0"
  resolved "https://registry.yarnpkg.com/@candlefw/whind/-/whind-0.4.0.tgz#5a0de6edfbe2c1d3f0776bd7694acc150cb9bf6b"
  integrity sha512-IhK2lIHWK037E6P6StRVK0po9YacIKAZ8mGCHZACslFi0Svi3PIMDlGCRA3gQyJFy7ihOy3AaBCcmw1SCgP3Kg==

"@candlefw/wind@latest":
  version "0.4.0"
  resolved "https://registry.yarnpkg.com/@candlefw/wind/-/wind-0.4.0.tgz#a46c07bdfd0d9d1180b061447473ea8cfaf21209"
  integrity sha512-G5fHDMnDmLBDR3IWZUnAfGD3n9N5CQFvnr4U2p3NW7ZR5uTs9K4EZ+3Vm0NBs/DaLLgHQbCF1Mc5KLBi4GKbqA==

"@types/node@^13.7.6":
  version "13.9.1"
  resolved "https://registry.yarnpkg.com/@types/node/-/node-13.9.1.tgz#96f606f8cd67fb018847d9b61e93997dabdefc72"
  integrity sha512-E6M6N0blf/jiZx8Q3nb0vNaswQeEyn0XlupO+xN6DtJ6r6IT4nXrTry7zhIfYvFCl3/8Cu6WIysmUBKiqV0bqQ==

buffer-from@^1.0.0:
  version "1.1.1"
  resolved "https://registry.yarnpkg.com/buffer-from/-/buffer-from-1.1.1.tgz#32713bc028f75c02fdb710d7c7bcec1f2c6070ef"
  integrity sha512-MQcXEUbCKtEo7bhqEs6560Hyd4XaovZlO/k9V3hjVUF/zwW7KBVdSK4gIt/bzwS9MbR5qob+F5jusZsb0YQK2A==

commander@^2.20.0:
  version "2.20.3"
  resolved "https://registry.yarnpkg.com/commander/-/commander-2.20.3.tgz#fd485e84c03eb4881c20722ba48035e8531aeb33"
  integrity sha512-GpVkmM8vF2vQUkj2LvZmD35JxeJOLCwJ9cUkugyk2nuhbv3+mJvpLYYt+0+USMxE+oj+ey/lJEnhZw75x/OMcQ==

commander@^5.0.0:
  version "5.0.0"
  resolved "https://registry.yarnpkg.com/commander/-/commander-5.0.0.tgz#dbf1909b49e5044f8fdaf0adc809f0c0722bdfd0"
  integrity sha512-JrDGPAKjMGSP1G0DUoaceEJ3DZgAfr/q6X7FVk4+U5KxUSKviYGM2k6zWkfyyBHy5rAtzgYJFa1ro2O9PtoxwQ==

source-map-support@~0.5.12:
  version "0.5.16"
  resolved "https://registry.yarnpkg.com/source-map-support/-/source-map-support-0.5.16.tgz#0ae069e7fe3ba7538c64c98515e35339eac5a042"
  integrity sha512-efyLRJDr68D9hBBNIPWFjhpFzURh+KJykQwvMyW5UiZzYwoF6l4YMMDIJJEyFWxWCqfyxLzz6tSfUFR+kXXsVQ==
  dependencies:
    buffer-from "^1.0.0"
    source-map "^0.6.0"

source-map@^0.6.0, source-map@~0.6.1:
  version "0.6.1"
  resolved "https://registry.yarnpkg.com/source-map/-/source-map-0.6.1.tgz#74722af32e9614e9c287a8d0bbde48b5e2f1a263"
  integrity sha512-UjgapumWlbMhkBgzT7Ykc5YXUT46F0iKu8SGXq0bcwP5dz/h0Plj6enJqjz1Zbq2l5WaqYnrVbwWOWMyF3F47g==

terser@^4.6.3:
  version "4.6.6"
  resolved "https://registry.yarnpkg.com/terser/-/terser-4.6.6.tgz#da2382e6cafbdf86205e82fb9a115bd664d54863"
  integrity sha512-4lYPyeNmstjIIESr/ysHg2vUPRGf2tzF9z2yYwnowXVuVzLEamPN1Gfrz7f8I9uEPuHcbFlW4PLIAsJoxXyJ1g==
  dependencies:
    commander "^2.20.0"
    source-map "~0.6.1"
    source-map-support "~0.5.12"
