# THIS IS AN AUTOGENERATED FILE. DO NOT EDIT THIS FILE DIRECTLY.
# yarn lockfile v1


"@candlelib/conflagrate@0.4.2":
  version "0.4.2"
  resolved "https://registry.yarnpkg.com/@candlelib/conflagrate/-/conflagrate-0.4.2.tgz#1f09db840f3faee827ceec6730d5da411f4e7cc8"
  integrity sha512-F7NDeLo87w7wOkQDwveXUNSe0uC++RDn21WkgicJPXZkjOdL0RkLv4N5kWCsK9TVNPO5SJtPyu2svMQetXHPdw==
  dependencies:
    "@candlelib/uri" "0.2.3"
    "@candlelib/wind" "0.5.2"

"@candlelib/conflagrate@0.4.9":
  version "0.4.9"
  resolved "https://registry.yarnpkg.com/@candlelib/conflagrate/-/conflagrate-0.4.9.tgz#844d71c1704929c3c5fb53eed9513963b444d45a"
  integrity sha512-DZDbHjDkBo8ErYxocHC1H/7ILekkdlQCjceI6a9ots81T35SXBUrneOvoqleS0mG8RXzm9dPIqvzhLRBB2hCOQ==
  dependencies:
    "@candlelib/hydrocarbon" "0.14.4"
    "@candlelib/uri" "0.3.0"
    "@candlelib/wind" "0.5.4"

"@candlelib/conflagrate@0.5.2":
  version "0.5.2"
  resolved "https://registry.yarnpkg.com/@candlelib/conflagrate/-/conflagrate-0.5.2.tgz#c17e42ec2604a4dba7a5ef6999152a0eae1294bc"
  integrity sha512-ZnCgfPz2YD5S/Bai0hDW9KUWTeBKBsauUaK5xRRoH1XOIpyBN/QdbF1YfJg7FJugNsL7+JtlLzwtX5LB8VjBZA==
  dependencies:
    "@candlelib/hydrocarbon" "0.14.7"
    "@candlelib/uri" "0.3.0"
    "@candlelib/wind" "0.5.4"

"@candlelib/css@0.3.15":
  version "0.3.15"
  resolved "https://registry.yarnpkg.com/@candlelib/css/-/css-0.3.15.tgz#126030fdb1723bb739e1263bc7149a266a89cd1d"
  integrity sha512-MGuPMHJ1HsrW1wQSKBqUgHCM9mF7wO3yd3zM8K/md0M7l98B9+AdSAQwXeNAyB6ql5J53IwKigIn84wO9iZc5A==
  dependencies:
    "@candlelib/conflagrate" "0.4.9"
    "@candlelib/hydrocarbon" "0.14.4"
    "@candlelib/uri" "0.3.0"

"@candlelib/css@0.3.18":
  version "0.3.18"
  resolved "https://registry.yarnpkg.com/@candlelib/css/-/css-0.3.18.tgz#09738b1f748ed6c94667caef24801be6b6fa6345"
  integrity sha512-ucid6vt/jDpdSklrh46TIYz5jhLJ/236cGLHgozMTVb9SR85vEyEYa+U8qxnPrHNkdkQlRfBqVaq+L6Dy2TMQw==
  dependencies:
    "@candlelib/conflagrate" "0.5.2"
    "@candlelib/hydrocarbon" "0.14.7"
    "@candlelib/uri" "0.3.0"

"@candlelib/css@0.3.3":
  version "0.3.3"
  resolved "https://registry.yarnpkg.com/@candlelib/css/-/css-0.3.3.tgz#7deede4d7d42a23bf6cb97f6be851002f19a630e"
  integrity sha512-h1w8UYykWW5RsOiB16DDe5yw5TLm0oTSN0kI+PNrEHeiarCOIC5E+WcDmVUMtbYAgYeMfkjBVHHdxaxdvP/72g==
  dependencies:
    "@candlelib/conflagrate" "0.4.2"
    "@candlelib/hydrocarbon" "0.11.2"
    "@candlelib/uri" "0.2.3"

"@candlelib/cure@*":
  version "0.6.1"
  resolved "https://registry.yarnpkg.com/@candlelib/cure/-/cure-0.6.1.tgz#115f8dd64405c9692392f52eae4712bdfeec3f84"
  integrity sha512-l1aIdOuUOhsYg7/zMDx/AiFei9z9tYo7hG69UMJWAP4N0ByiQM70Z4GIPXZZ5C2nWat/tdbR9eiM0NxUeQDkrQ==
  dependencies:
    "@candlelib/conflagrate" "0.4.2"
    "@candlelib/hydrocarbon" "0.11.2"
    "@candlelib/js" "0.5.4"
    "@candlelib/lantern" "0.2.0"
    "@candlelib/paraffin" "0.1.3"
    "@candlelib/spark" "0.3.2"
    "@candlelib/uri" "0.2.3"
    "@candlelib/wick" "0.15.3"
    "@candlelib/wind" "0.5.2"
    deep-equal "^2.0.1"

"@candlelib/glow@0.4.14":
  version "0.4.14"
  resolved "https://registry.yarnpkg.com/@candlelib/glow/-/glow-0.4.14.tgz#de7382db675d10fe945f4afd013a453f005d506c"
  integrity sha512-9Os709M4lfEtIK84zq9NSJKQf1BcSf10GLZ9ekw+6FGLXah195nvf5UoXTWszaqLdSgh+CI9J4hzbVwwg33t0Q==
  dependencies:
    "@candlelib/css" "0.3.15"
    "@candlelib/spark" "0.3.4"

"@candlelib/glow@0.4.17":
  version "0.4.17"
  resolved "https://registry.yarnpkg.com/@candlelib/glow/-/glow-0.4.17.tgz#367821ec09a58d271bb50af47d94216e5a2e60b5"
  integrity sha512-5owG8KG1nvRLgfSiPSb0x0AyCzKvHM+GuxYH6b0RROLRna3m17aTuFxRObddmz81yADnL7YhCrjv7qA3UOy0OQ==
  dependencies:
    "@candlelib/css" "0.3.18"
    "@candlelib/spark" "0.3.4"

"@candlelib/glow@0.4.3":
  version "0.4.3"
  resolved "https://registry.yarnpkg.com/@candlelib/glow/-/glow-0.4.3.tgz#9492b4fa1dbfd57d2be04aae28b1bfff74b52e4d"
  integrity sha512-Dm824CxlX6Qq9CwSDUZyEDMkVkc+XOTS0gVoYOHw0/n8nSTGiLxo4UDFyoWlXlucb4CbJwVsmdU1/uOdcjPiwA==
  dependencies:
    "@candlelib/css" "0.3.3"
    "@candlelib/spark" "0.3.2"

"@candlelib/html@0.2.3":
  version "0.2.3"
  resolved "https://registry.yarnpkg.com/@candlelib/html/-/html-0.2.3.tgz#d621265412c09c93696931cb17a6d36f10fee3f4"
  integrity sha512-0W8o2b8+TViz9tZYwd9hUn4aCRrTaBx5dz8GII5N/olR0qUiQxru8mg+Dp4vtcV1wpVt759gSmGEuyf1w1VM4A==
  dependencies:
    "@candlelib/uri" "0.2.3"
    "@candlelib/wind" "0.5.2"

"@candlelib/html@0.2.5":
  version "0.2.5"
  resolved "https://registry.yarnpkg.com/@candlelib/html/-/html-0.2.5.tgz#d0d5f945118a38b5c3ad45a3b3c523a3b30cad88"
  integrity sha512-wmPzS6YR8/RXjZhFNveVvY4qa931CTRG/wZLMB/lhjE2WZ5Aukc9/znA11UCmDp0vhAVY9qBdU51dX8duzCWTQ==
  dependencies:
    "@candlelib/uri" "0.3.0"
    "@candlelib/wind" "0.5.4"

"@candlelib/hydrocarbon@0.11.2":
  version "0.11.2"
  resolved "https://registry.yarnpkg.com/@candlelib/hydrocarbon/-/hydrocarbon-0.11.2.tgz#23b09ee7d396592ee4c0abb1a3cfe6ff3f9972e2"
  integrity sha512-7oTeVeyk1DkSLtMLnQc9dZa9Rcx/lbN6tmhUbMKTI+uhBi3YdjzjKKyLR+SGPfrRlTkIl4mTjPqO99dHG++DtQ==
  dependencies:
    "@candlelib/conflagrate" "0.4.2"
    "@candlelib/js" "0.5.4"
    "@candlelib/paraffin" "0.1.3"
    "@candlelib/uri" "0.2.3"
    "@candlelib/wind" "0.5.2"

"@candlelib/hydrocarbon@0.14.4":
  version "0.14.4"
  resolved "https://registry.yarnpkg.com/@candlelib/hydrocarbon/-/hydrocarbon-0.14.4.tgz#848da6f5db296b8c2a91e15d1367c4f9875b31df"
  integrity sha512-wqqdAJiVoGV8iQhFYtsFlwtp7w7vjtHqVFjIHi5naicG4+Q9cnVRthl11tDrRMnX0sTi5FWbFYb1a3MXLSFmUA==
  dependencies:
    "@candlelib/conflagrate" "0.4.9"
    "@candlelib/js" "0.5.15"
    "@candlelib/log" "0.1.2"
    "@candlelib/paraffin" "0.1.15"
    "@candlelib/uri" "0.3.0"
    "@candlelib/wind" "0.5.4"

"@candlelib/hydrocarbon@0.14.7", "@candlelib/hydrocarbon@0.3.0":
  version "0.14.7"
  resolved "https://registry.yarnpkg.com/@candlelib/hydrocarbon/-/hydrocarbon-0.14.7.tgz#445b80aab88879f3614573c4eebe02c90881e101"
  integrity sha512-pwC4oA8oQIctS6WCh3E28so1d60Z0ZcSoMfO2XNNysth3mr/XJ95HxOlafGndIpABrHqJTTTWq2INkMpiEx31Q==
  dependencies:
    "@candlelib/conflagrate" "0.5.2"
    "@candlelib/js" "0.5.18"
    "@candlelib/log" "0.2.0"
    "@candlelib/paraffin" "0.1.18"
    "@candlelib/uri" "0.3.0"
    "@candlelib/wind" "0.5.4"

"@candlelib/js@0.5.15":
  version "0.5.15"
  resolved "https://registry.yarnpkg.com/@candlelib/js/-/js-0.5.15.tgz#fb0bc953a91af71df8e35bbc4e677dafeaa3d3e4"
  integrity sha512-oIBlflcNqVdsm2cWtp1P4A/I8z7ybL7serr1L5NvxeDKdRNzxw5TohqqIUblVe1BDW9Momdb1fd2Oi9vbqaZHQ==
  dependencies:
    "@candlelib/conflagrate" "0.4.9"
    "@candlelib/hydrocarbon" "0.14.4"
    "@candlelib/uri" "0.3.0"
    "@candlelib/wind" "0.5.4"

"@candlelib/js@0.5.18":
  version "0.5.18"
  resolved "https://registry.yarnpkg.com/@candlelib/js/-/js-0.5.18.tgz#3c06ee17b74b87e43c2d73ca833952372c68119e"
  integrity sha512-1Eg7f9o38lRsH6wWJtEr6gfFrUYOcWKwZlne574AuYu5+F2MHM5qH2MZ6mDUrmR+cqUFaFUe3cbb0k7Tyk/HYA==
  dependencies:
    "@candlelib/conflagrate" "0.5.2"
    "@candlelib/hydrocarbon" "0.14.7"
    "@candlelib/uri" "0.3.0"
    "@candlelib/wind" "0.5.4"

"@candlelib/js@0.5.4":
  version "0.5.4"
  resolved "https://registry.yarnpkg.com/@candlelib/js/-/js-0.5.4.tgz#f04f4301c1187e904beb2156db042df04ee8efa6"
  integrity sha512-8xDZ8Mu9/sK9REnPnK+Ap000mu027PvAfyxdDoFI3m0ZdFhVQuQO6VhuH11FGsJCxvYt8kOTRQvZDmmqD2Q3Mw==
  dependencies:
    "@candlelib/conflagrate" "0.4.2"
    "@candlelib/hydrocarbon" "0.11.2"
    "@candlelib/uri" "0.2.3"
    "@candlelib/wind" "0.5.2"

"@candlelib/lantern@0.2.0":
  version "0.2.0"
  resolved "https://registry.yarnpkg.com/@candlelib/lantern/-/lantern-0.2.0.tgz#18dcb4c92acab03c9744656f66b1d2f706feabfb"
  integrity sha512-5cxZbs5xhKFP4iH7+v3hbU/w1FxoQ7AgyEGgIUhLIYJNA+reAf6GTumN1gV6rdClfsdgj2e07cpgYpRt5XxN7w==
  dependencies:
    "@candlelib/conflagrate" "0.4.2"
    "@candlelib/css" "0.3.3"
    "@candlelib/glow" "0.4.3"
    "@candlelib/hydrocarbon" "0.11.2"
    "@candlelib/js" "0.5.4"
    "@candlelib/spark" "0.3.2"
    "@candlelib/uri" "0.2.3"
    "@candlelib/wick" "0.15.3"
    "@candlelib/wind" "0.5.2"
    node-watch "^0.6.3"

"@candlelib/log@0.1.2":
  version "0.1.2"
  resolved "https://registry.yarnpkg.com/@candlelib/log/-/log-0.1.2.tgz#96aebaca830d7d8df4f1e95a0133894c16ac0728"
  integrity sha512-jc4OVNBqs7srTsmOT72QkYhJ22MJmTeqv8UVSiXGTPKt06NlUi+5cJyespO2WnGqvp0fRlVLQAgm5YBJdCz1AQ==

"@candlelib/log@0.2.0":
  version "0.2.0"
  resolved "https://registry.yarnpkg.com/@candlelib/log/-/log-0.2.0.tgz#409a1cea8a74e17b797a7e679af56e0fa5ad7b17"
  integrity sha512-efkfuQlBLMWLrqShmnEbtBiPFcNnuP2r9dh25rQCVGhsyNmmQ6EiaLPY1cfXm0wB3hxF5/TNeWgfKM0iP3yGzg==

"@candlelib/paraffin@0.1.15":
  version "0.1.15"
  resolved "https://registry.yarnpkg.com/@candlelib/paraffin/-/paraffin-0.1.15.tgz#960870ca1694d639051a002a0bce0163ac2f971c"
  integrity sha512-QO0LJjxp/FtRyN1FQ0UmhRPBK7Dgxk9YG8xWo5eG+qeWuxjTmz+vOB7jUAIFfU+YfqwfwIM2j8Hh0mEcEEXGsw==
  dependencies:
    "@candlelib/conflagrate" "0.4.9"
    "@candlelib/css" "0.3.15"
    "@candlelib/html" "0.2.5"
    "@candlelib/hydrocarbon" "0.14.4"
    "@candlelib/uri" "0.3.0"
    "@candlelib/wick" "0.15.16"
    "@candlelib/wind" "0.5.4"

"@candlelib/paraffin@0.1.18":
  version "0.1.18"
  resolved "https://registry.yarnpkg.com/@candlelib/paraffin/-/paraffin-0.1.18.tgz#b336d79ac53289a4c9a3a2088a176b89304665c5"
  integrity sha512-YopuGhsulossHwGiDaCrtzRrB3Ogsn7PlUPq7rgo7T7x4YFJvFomyOWSwdOSxI16qXlIeGispv7iUA3oH0zC6w==
  dependencies:
    "@candlelib/conflagrate" "0.5.2"
    "@candlelib/css" "0.3.18"
    "@candlelib/html" "0.2.5"
    "@candlelib/hydrocarbon" "0.14.7"
    "@candlelib/log" "0.2.0"
    "@candlelib/uri" "0.3.0"
    "@candlelib/wick" "0.16.1"
    "@candlelib/wind" "0.5.4"

"@candlelib/paraffin@0.1.3":
  version "0.1.3"
  resolved "https://registry.yarnpkg.com/@candlelib/paraffin/-/paraffin-0.1.3.tgz#1dac298110f863e0ef6a978e48b920fc41b60e5b"
  integrity sha512-djiKtAXlGGTzcZh2JHvLhiUcDXEpvGLjlQRPm2m6wgRp/GYHMFP3xUzC5Q/ufsUVt0a++r0edpHnx8oYein3ZQ==
  dependencies:
    "@candlelib/conflagrate" "0.4.2"
    "@candlelib/css" "0.3.3"
    "@candlelib/html" "0.2.3"
    "@candlelib/hydrocarbon" "0.11.2"
    "@candlelib/uri" "0.2.3"
    "@candlelib/wick" "0.15.3"
    "@candlelib/wind" "0.5.2"

"@candlelib/spark@0.3.2":
  version "0.3.2"
  resolved "https://registry.yarnpkg.com/@candlelib/spark/-/spark-0.3.2.tgz#1897957653da3c09b7acb71f9b407034bd0d8c5b"
  integrity sha512-uZ3uOYRHksPR5v4W+g9DJ85OQ5OI0KOSopSIycmiAU7TCVmPNGIvzYu2rOpN7VtqIUV+DYvH9/URGAeJ8BCIPQ==

"@candlelib/spark@0.3.4":
  version "0.3.4"
  resolved "https://registry.yarnpkg.com/@candlelib/spark/-/spark-0.3.4.tgz#5fdc6644d5370ce315397c8249a514eee2cf850b"
  integrity sha512-OKIMTqZCh6euH4Y5dQuL2RbaLAw0/HVr+prZ+K1Zmm/hdom+wlI0GS1z/Bgrk6qQZLFfjO4EMJ3f5jKYKtxULA==

"@candlelib/uri@0.2.3":
  version "0.2.3"
  resolved "https://registry.yarnpkg.com/@candlelib/uri/-/uri-0.2.3.tgz#04ca32f9e215ffb17376704dfb595b0164c4a370"
  integrity sha512-BJGcrvcHfAYZfm3RPjR6WSCQMVpgyagH+xQ8g36a6uyJG4OqFzKg5E6DuELBdwRatUgNsJMTxoI4ZzXBIkN0Ag==

"@candlelib/uri@0.3.0":
  version "0.3.0"
  resolved "https://registry.yarnpkg.com/@candlelib/uri/-/uri-0.3.0.tgz#fb31bb17fd53b87aaaf90116d1dc0c0e7747372b"
  integrity sha512-ojm4nSpYum3+VNgjOz0rWLCvUn2tgXzqrVu+CTAoORsCX246orFD3V3NA+lYd2/F/q4oUll2UelM9kPN7Ads8Q==

"@candlelib/wick@0.15.16":
  version "0.15.16"
  resolved "https://registry.yarnpkg.com/@candlelib/wick/-/wick-0.15.16.tgz#fb2506276d8ecf731f2de945539307840f9a41f5"
  integrity sha512-nSueX2GONXu1vVvnRnFhjP+QExlUqEVyBltOvKPnCeVq8HdmNWzW/+KlUmt7fW29lx3Fjj8iAGFrHzlqSz06bg==
  dependencies:
    "@candlelib/conflagrate" "0.4.9"
    "@candlelib/css" "0.3.15"
    "@candlelib/glow" "0.4.14"
    "@candlelib/html" "0.2.5"
    "@candlelib/hydrocarbon" "0.14.4"
    "@candlelib/js" "0.5.15"
    "@candlelib/log" "0.1.2"
    "@candlelib/paraffin" "0.1.15"
    "@candlelib/spark" "0.3.4"
    "@candlelib/uri" "0.3.0"
    "@candlelib/wind" "0.5.4"

"@candlelib/wick@0.15.3":
  version "0.15.3"
  resolved "https://registry.yarnpkg.com/@candlelib/wick/-/wick-0.15.3.tgz#34a0ef54baa80d80ba2e405d601c5a689273971a"
  integrity sha512-IjTVcATxwGpgzwZI2qyrNzuXIAP8dcKlMHbnRsKUQD35qilH03olGOQeiWFRemjTMTe3pOCf4LqE9lILV6Op+A==
  dependencies:
    "@candlelib/conflagrate" "0.4.2"
    "@candlelib/css" "0.3.3"
    "@candlelib/glow" "0.4.3"
    "@candlelib/html" "0.2.3"
    "@candlelib/hydrocarbon" "0.11.2"
    "@candlelib/js" "0.5.4"
    "@candlelib/paraffin" "0.1.3"
    "@candlelib/spark" "0.3.2"
    "@candlelib/uri" "0.2.3"
    "@candlelib/wind" "0.5.2"

"@candlelib/wick@0.16.1":
  version "0.16.1"
  resolved "https://registry.yarnpkg.com/@candlelib/wick/-/wick-0.16.1.tgz#fef5bf1ac6e52ddfcbce18def94e48830ffe6cb8"
  integrity sha512-AP7gGpaBK5L8dE7rUHsUWoZBk9f++Z6Cp+omeqnY/q+qWLq8qJm2Q+bOS9/fCykANYVN4VJtHkw8CtrDsF5k1g==
  dependencies:
    "@candlelib/conflagrate" "0.5.2"
    "@candlelib/css" "0.3.18"
    "@candlelib/glow" "0.4.17"
    "@candlelib/html" "0.2.5"
    "@candlelib/hydrocarbon" "0.14.7"
    "@candlelib/js" "0.5.18"
    "@candlelib/log" "0.2.0"
    "@candlelib/paraffin" "0.1.18"
    "@candlelib/spark" "0.3.4"
    "@candlelib/uri" "0.3.0"
    "@candlelib/wind" "0.5.4"

"@candlelib/wind@0.5.2":
  version "0.5.2"
  resolved "https://registry.yarnpkg.com/@candlelib/wind/-/wind-0.5.2.tgz#56a47b0135fa81ffc541a7230f4632be81409084"
  integrity sha512-1gp8nMAE8jEyp9akDWPYPjlYhTpD1QeYpKjEsCNvlnunA6NnyRC2d4LeO+EDOKpLKYJk7xzKZzAn9V92aLxJqA==

"@candlelib/wind@0.5.4":
  version "0.5.4"
  resolved "https://registry.yarnpkg.com/@candlelib/wind/-/wind-0.5.4.tgz#30a76620c74d15e919e232f689b426e285b154fe"
  integrity sha512-dLFmWIVWM715sFefBKOs5Vc9sz3MzgVWHkXzwjVP2VtgGQxG8a+nfOS1J0IfoL0l9bFbKntKXc9j79NPepwCaw==

"@types/node@^16.4.13":
  version "16.11.7"
  resolved "https://registry.yarnpkg.com/@types/node/-/node-16.11.7.tgz#36820945061326978c42a01e56b61cd223dfdc42"
  integrity sha512-QB5D2sqfSjCmTuWcBWyJ+/44bcjO7VbjSbOE0ucoVbAsSNQc4Lt6QkgkVXkTDwkL4z/beecZNDvVX15D4P8Jbw==

available-typed-arrays@^1.0.5:
  version "1.0.5"
  resolved "https://registry.yarnpkg.com/available-typed-arrays/-/available-typed-arrays-1.0.5.tgz#92f95616501069d07d10edb2fc37d3e1c65123b7"
  integrity sha512-DMD0KiN46eipeziST1LPP/STfDU0sufISXmjSgvVsoU2tqxctQeASejWcfNtxYKqETM1UxQ8sp2OrSBWpHY6sw==

call-bind@^1.0.0, call-bind@^1.0.2:
  version "1.0.2"
  resolved "https://registry.yarnpkg.com/call-bind/-/call-bind-1.0.2.tgz#b1d4e89e688119c3c9a903ad30abb2f6a919be3c"
  integrity sha512-7O+FbCihrB5WGbFYesctwmTKae6rOiIzmz1icreWJ+0aA7LJfuqhEso2T9ncpcFtzMQtzXf2QGGueWJGTYsqrA==
  dependencies:
    function-bind "^1.1.1"
    get-intrinsic "^1.0.2"

deep-equal@^2.0.1:
  version "2.0.5"
  resolved "https://registry.yarnpkg.com/deep-equal/-/deep-equal-2.0.5.tgz#55cd2fe326d83f9cbf7261ef0e060b3f724c5cb9"
  integrity sha512-nPiRgmbAtm1a3JsnLCf6/SLfXcjyN5v8L1TXzdCmHrXJ4hx+gW/w1YCcn7z8gJtSiDArZCgYtbao3QqLm/N1Sw==
  dependencies:
    call-bind "^1.0.0"
    es-get-iterator "^1.1.1"
    get-intrinsic "^1.0.1"
    is-arguments "^1.0.4"
    is-date-object "^1.0.2"
    is-regex "^1.1.1"
    isarray "^2.0.5"
    object-is "^1.1.4"
    object-keys "^1.1.1"
    object.assign "^4.1.2"
    regexp.prototype.flags "^1.3.0"
    side-channel "^1.0.3"
    which-boxed-primitive "^1.0.1"
    which-collection "^1.0.1"
    which-typed-array "^1.1.2"

define-properties@^1.1.3:
  version "1.1.3"
  resolved "https://registry.yarnpkg.com/define-properties/-/define-properties-1.1.3.tgz#cf88da6cbee26fe6db7094f61d870cbd84cee9f1"
  integrity sha512-3MqfYKj2lLzdMSf8ZIZE/V+Zuy+BgD6f164e8K2w7dgnpKArBDerGYpM46IYYcjnkdPNMjPk9A6VFB8+3SKlXQ==
  dependencies:
    object-keys "^1.0.12"

es-abstract@^1.18.5:
  version "1.19.1"
  resolved "https://registry.yarnpkg.com/es-abstract/-/es-abstract-1.19.1.tgz#d4885796876916959de78edaa0df456627115ec3"
  integrity sha512-2vJ6tjA/UfqLm2MPs7jxVybLoB8i1t1Jd9R3kISld20sIxPcTbLuggQOUxeWeAvIUkduv/CfMjuh4WmiXr2v9w==
  dependencies:
    call-bind "^1.0.2"
    es-to-primitive "^1.2.1"
    function-bind "^1.1.1"
    get-intrinsic "^1.1.1"
    get-symbol-description "^1.0.0"
    has "^1.0.3"
    has-symbols "^1.0.2"
    internal-slot "^1.0.3"
    is-callable "^1.2.4"
    is-negative-zero "^2.0.1"
    is-regex "^1.1.4"
    is-shared-array-buffer "^1.0.1"
    is-string "^1.0.7"
    is-weakref "^1.0.1"
    object-inspect "^1.11.0"
    object-keys "^1.1.1"
    object.assign "^4.1.2"
    string.prototype.trimend "^1.0.4"
    string.prototype.trimstart "^1.0.4"
    unbox-primitive "^1.0.1"

es-get-iterator@^1.1.1:
  version "1.1.2"
  resolved "https://registry.yarnpkg.com/es-get-iterator/-/es-get-iterator-1.1.2.tgz#9234c54aba713486d7ebde0220864af5e2b283f7"
  integrity sha512-+DTO8GYwbMCwbywjimwZMHp8AuYXOS2JZFWoi2AlPOS3ebnII9w/NLpNZtA7A0YLaVDw+O7KFCeoIV7OPvM7hQ==
  dependencies:
    call-bind "^1.0.2"
    get-intrinsic "^1.1.0"
    has-symbols "^1.0.1"
    is-arguments "^1.1.0"
    is-map "^2.0.2"
    is-set "^2.0.2"
    is-string "^1.0.5"
    isarray "^2.0.5"

es-to-primitive@^1.2.1:
  version "1.2.1"
  resolved "https://registry.yarnpkg.com/es-to-primitive/-/es-to-primitive-1.2.1.tgz#e55cd4c9cdc188bcefb03b366c736323fc5c898a"
  integrity sha512-QCOllgZJtaUo9miYBcLChTUaHNjJF3PYs1VidD7AwiEj1kYxKeQTctLAezAOH5ZKRH0g2IgPn6KwB4IT8iRpvA==
  dependencies:
    is-callable "^1.1.4"
    is-date-object "^1.0.1"
    is-symbol "^1.0.2"

foreach@^2.0.5:
  version "2.0.5"
  resolved "https://registry.yarnpkg.com/foreach/-/foreach-2.0.5.tgz#0bee005018aeb260d0a3af3ae658dd0136ec1b99"
  integrity sha1-C+4AUBiusmDQo6865ljdATbsG5k=

function-bind@^1.1.1:
  version "1.1.1"
  resolved "https://registry.yarnpkg.com/function-bind/-/function-bind-1.1.1.tgz#a56899d3ea3c9bab874bb9773b7c5ede92f4895d"
  integrity sha512-yIovAzMX49sF8Yl58fSCWJ5svSLuaibPxXQJFLmBObTuCr0Mf1KiPopGM9NiFjiYBCbfaa2Fh6breQ6ANVTI0A==

get-intrinsic@^1.0.1, get-intrinsic@^1.0.2, get-intrinsic@^1.1.0, get-intrinsic@^1.1.1:
  version "1.1.1"
  resolved "https://registry.yarnpkg.com/get-intrinsic/-/get-intrinsic-1.1.1.tgz#15f59f376f855c446963948f0d24cd3637b4abc6"
  integrity sha512-kWZrnVM42QCiEA2Ig1bG8zjoIMOgxWwYCEeNdwY6Tv/cOSeGpcoX4pXHfKUxNKVoArnrEr2e9srnAxxGIraS9Q==
  dependencies:
    function-bind "^1.1.1"
    has "^1.0.3"
    has-symbols "^1.0.1"

get-symbol-description@^1.0.0:
  version "1.0.0"
  resolved "https://registry.yarnpkg.com/get-symbol-description/-/get-symbol-description-1.0.0.tgz#7fdb81c900101fbd564dd5f1a30af5aadc1e58d6"
  integrity sha512-2EmdH1YvIQiZpltCNgkuiUnyukzxM/R6NDJX31Ke3BG1Nq5b0S2PhX59UKi9vZpPDQVdqn+1IcaAwnzTT5vCjw==
  dependencies:
    call-bind "^1.0.2"
    get-intrinsic "^1.1.1"

has-bigints@^1.0.1:
  version "1.0.1"
  resolved "https://registry.yarnpkg.com/has-bigints/-/has-bigints-1.0.1.tgz#64fe6acb020673e3b78db035a5af69aa9d07b113"
  integrity sha512-LSBS2LjbNBTf6287JEbEzvJgftkF5qFkmCo9hDRpAzKhUOlJ+hx8dd4USs00SgsUNwc4617J9ki5YtEClM2ffA==

has-symbols@^1.0.1, has-symbols@^1.0.2:
  version "1.0.2"
  resolved "https://registry.yarnpkg.com/has-symbols/-/has-symbols-1.0.2.tgz#165d3070c00309752a1236a479331e3ac56f1423"
  integrity sha512-chXa79rL/UC2KlX17jo3vRGz0azaWEx5tGqZg5pO3NUyEJVB17dMruQlzCCOfUvElghKcm5194+BCRvi2Rv/Gw==

has-tostringtag@^1.0.0:
  version "1.0.0"
  resolved "https://registry.yarnpkg.com/has-tostringtag/-/has-tostringtag-1.0.0.tgz#7e133818a7d394734f941e73c3d3f9291e658b25"
  integrity sha512-kFjcSNhnlGV1kyoGk7OXKSawH5JOb/LzUc5w9B02hOTO0dfFRjbHQKvg1d6cf3HbeUmtU9VbbV3qzZ2Teh97WQ==
  dependencies:
    has-symbols "^1.0.2"

has@^1.0.3:
  version "1.0.3"
  resolved "https://registry.yarnpkg.com/has/-/has-1.0.3.tgz#722d7cbfc1f6aa8241f16dd814e011e1f41e8796"
  integrity sha512-f2dvO0VU6Oej7RkWJGrehjbzMAjFp5/VKPp5tTpWIV4JHHZK1/BxbFRtf/siA2SWTe09caDmVtYYzWEIbBS4zw==
  dependencies:
    function-bind "^1.1.1"

internal-slot@^1.0.3:
  version "1.0.3"
  resolved "https://registry.yarnpkg.com/internal-slot/-/internal-slot-1.0.3.tgz#7347e307deeea2faac2ac6205d4bc7d34967f59c"
  integrity sha512-O0DB1JC/sPyZl7cIo78n5dR7eUSwwpYPiXRhTzNxZVAMUuB8vlnRFyLxdrVToks6XPLVnFfbzaVd5WLjhgg+vA==
  dependencies:
    get-intrinsic "^1.1.0"
    has "^1.0.3"
    side-channel "^1.0.4"

is-arguments@^1.0.4, is-arguments@^1.1.0:
  version "1.1.1"
  resolved "https://registry.yarnpkg.com/is-arguments/-/is-arguments-1.1.1.tgz#15b3f88fda01f2a97fec84ca761a560f123efa9b"
  integrity sha512-8Q7EARjzEnKpt/PCD7e1cgUS0a6X8u5tdSiMqXhojOdoV9TsMsiO+9VLC5vAmO8N7/GmXn7yjR8qnA6bVAEzfA==
  dependencies:
    call-bind "^1.0.2"
    has-tostringtag "^1.0.0"

is-bigint@^1.0.1:
  version "1.0.4"
  resolved "https://registry.yarnpkg.com/is-bigint/-/is-bigint-1.0.4.tgz#08147a1875bc2b32005d41ccd8291dffc6691df3"
  integrity sha512-zB9CruMamjym81i2JZ3UMn54PKGsQzsJeo6xvN3HJJ4CAsQNB6iRutp2To77OfCNuoxspsIhzaPoO1zyCEhFOg==
  dependencies:
    has-bigints "^1.0.1"

is-boolean-object@^1.1.0:
  version "1.1.2"
  resolved "https://registry.yarnpkg.com/is-boolean-object/-/is-boolean-object-1.1.2.tgz#5c6dc200246dd9321ae4b885a114bb1f75f63719"
  integrity sha512-gDYaKHJmnj4aWxyj6YHyXVpdQawtVLHU5cb+eztPGczf6cjuTdwve5ZIEfgXqH4e57An1D1AKf8CZ3kYrQRqYA==
  dependencies:
    call-bind "^1.0.2"
    has-tostringtag "^1.0.0"

is-callable@^1.1.4, is-callable@^1.2.4:
  version "1.2.4"
  resolved "https://registry.yarnpkg.com/is-callable/-/is-callable-1.2.4.tgz#47301d58dd0259407865547853df6d61fe471945"
  integrity sha512-nsuwtxZfMX67Oryl9LCQ+upnC0Z0BgpwntpS89m1H/TLF0zNfzfLMV/9Wa/6MZsj0acpEjAO0KF1xT6ZdLl95w==

is-date-object@^1.0.1, is-date-object@^1.0.2:
  version "1.0.5"
  resolved "https://registry.yarnpkg.com/is-date-object/-/is-date-object-1.0.5.tgz#0841d5536e724c25597bf6ea62e1bd38298df31f"
  integrity sha512-9YQaSxsAiSwcvS33MBk3wTCVnWK+HhF8VZR2jRxehM16QcVOdHqPn4VPHmRK4lSr38n9JriurInLcP90xsYNfQ==
  dependencies:
    has-tostringtag "^1.0.0"

is-map@^2.0.1, is-map@^2.0.2:
  version "2.0.2"
  resolved "https://registry.yarnpkg.com/is-map/-/is-map-2.0.2.tgz#00922db8c9bf73e81b7a335827bc2a43f2b91127"
  integrity sha512-cOZFQQozTha1f4MxLFzlgKYPTyj26picdZTx82hbc/Xf4K/tZOOXSCkMvU4pKioRXGDLJRn0GM7Upe7kR721yg==

is-negative-zero@^2.0.1:
  version "2.0.1"
  resolved "https://registry.yarnpkg.com/is-negative-zero/-/is-negative-zero-2.0.1.tgz#3de746c18dda2319241a53675908d8f766f11c24"
  integrity sha512-2z6JzQvZRa9A2Y7xC6dQQm4FSTSTNWjKIYYTt4246eMTJmIo0Q+ZyOsU66X8lxK1AbB92dFeglPLrhwpeRKO6w==

is-number-object@^1.0.4:
  version "1.0.6"
  resolved "https://registry.yarnpkg.com/is-number-object/-/is-number-object-1.0.6.tgz#6a7aaf838c7f0686a50b4553f7e54a96494e89f0"
  integrity sha512-bEVOqiRcvo3zO1+G2lVMy+gkkEm9Yh7cDMRusKKu5ZJKPUYSJwICTKZrNKHA2EbSP0Tu0+6B/emsYNHZyn6K8g==
  dependencies:
    has-tostringtag "^1.0.0"

is-regex@^1.1.1, is-regex@^1.1.4:
  version "1.1.4"
  resolved "https://registry.yarnpkg.com/is-regex/-/is-regex-1.1.4.tgz#eef5663cd59fa4c0ae339505323df6854bb15958"
  integrity sha512-kvRdxDsxZjhzUX07ZnLydzS1TU/TJlTUHHY4YLL87e37oUA49DfkLqgy+VjFocowy29cKvcSiu+kIv728jTTVg==
  dependencies:
    call-bind "^1.0.2"
    has-tostringtag "^1.0.0"

is-set@^2.0.1, is-set@^2.0.2:
  version "2.0.2"
  resolved "https://registry.yarnpkg.com/is-set/-/is-set-2.0.2.tgz#90755fa4c2562dc1c5d4024760d6119b94ca18ec"
  integrity sha512-+2cnTEZeY5z/iXGbLhPrOAaK/Mau5k5eXq9j14CpRTftq0pAJu2MwVRSZhyZWBzx3o6X795Lz6Bpb6R0GKf37g==

is-shared-array-buffer@^1.0.1:
  version "1.0.1"
  resolved "https://registry.yarnpkg.com/is-shared-array-buffer/-/is-shared-array-buffer-1.0.1.tgz#97b0c85fbdacb59c9c446fe653b82cf2b5b7cfe6"
  integrity sha512-IU0NmyknYZN0rChcKhRO1X8LYz5Isj/Fsqh8NJOSf+N/hCOTwy29F32Ik7a+QszE63IdvmwdTPDd6cZ5pg4cwA==

is-string@^1.0.5, is-string@^1.0.7:
  version "1.0.7"
  resolved "https://registry.yarnpkg.com/is-string/-/is-string-1.0.7.tgz#0dd12bf2006f255bb58f695110eff7491eebc0fd"
  integrity sha512-tE2UXzivje6ofPW7l23cjDOMa09gb7xlAqG6jG5ej6uPV32TlWP3NKPigtaGeHNu9fohccRYvIiZMfOOnOYUtg==
  dependencies:
    has-tostringtag "^1.0.0"

is-symbol@^1.0.2, is-symbol@^1.0.3:
  version "1.0.4"
  resolved "https://registry.yarnpkg.com/is-symbol/-/is-symbol-1.0.4.tgz#a6dac93b635b063ca6872236de88910a57af139c"
  integrity sha512-C/CPBqKWnvdcxqIARxyOh4v1UUEOCHpgDa0WYgpKDFMszcrPcffg5uhwSgPCLD2WWxmq6isisz87tzT01tuGhg==
  dependencies:
    has-symbols "^1.0.2"

is-typed-array@^1.1.7:
  version "1.1.8"
  resolved "https://registry.yarnpkg.com/is-typed-array/-/is-typed-array-1.1.8.tgz#cbaa6585dc7db43318bc5b89523ea384a6f65e79"
  integrity sha512-HqH41TNZq2fgtGT8WHVFVJhBVGuY3AnP3Q36K8JKXUxSxRgk/d+7NjmwG2vo2mYmXK8UYZKu0qH8bVP5gEisjA==
  dependencies:
    available-typed-arrays "^1.0.5"
    call-bind "^1.0.2"
    es-abstract "^1.18.5"
    foreach "^2.0.5"
    has-tostringtag "^1.0.0"

is-weakmap@^2.0.1:
  version "2.0.1"
  resolved "https://registry.yarnpkg.com/is-weakmap/-/is-weakmap-2.0.1.tgz#5008b59bdc43b698201d18f62b37b2ca243e8cf2"
  integrity sha512-NSBR4kH5oVj1Uwvv970ruUkCV7O1mzgVFO4/rev2cLRda9Tm9HrL70ZPut4rOHgY0FNrUu9BCbXA2sdQ+x0chA==

is-weakref@^1.0.1:
  version "1.0.1"
  resolved "https://registry.yarnpkg.com/is-weakref/-/is-weakref-1.0.1.tgz#842dba4ec17fa9ac9850df2d6efbc1737274f2a2"
  integrity sha512-b2jKc2pQZjaeFYWEf7ScFj+Be1I+PXmlu572Q8coTXZ+LD/QQZ7ShPMst8h16riVgyXTQwUsFEl74mDvc/3MHQ==
  dependencies:
    call-bind "^1.0.0"

is-weakset@^2.0.1:
  version "2.0.1"
  resolved "https://registry.yarnpkg.com/is-weakset/-/is-weakset-2.0.1.tgz#e9a0af88dbd751589f5e50d80f4c98b780884f83"
  integrity sha512-pi4vhbhVHGLxohUw7PhGsueT4vRGFoXhP7+RGN0jKIv9+8PWYCQTqtADngrxOm2g46hoH0+g8uZZBzMrvVGDmw==

isarray@^2.0.5:
  version "2.0.5"
  resolved "https://registry.yarnpkg.com/isarray/-/isarray-2.0.5.tgz#8af1e4c1221244cc62459faf38940d4e644a5723"
  integrity sha512-xHjhDr3cNBK0BzdUJSPXZntQUx/mwMS5Rw4A7lPJ90XGAO6ISP/ePDNuo0vhqOZU+UD5JoodwCAAoZQd3FeAKw==

node-watch@^0.6.3:
  version "0.6.4"
  resolved "https://registry.yarnpkg.com/node-watch/-/node-watch-0.6.4.tgz#50e564046eb7be15151c25f9c5aac4b5f495c291"
  integrity sha512-cI6CHzivIFESe8djiK3Wh90CtWQBxLwMem8x8S+2GSvCvFgoMuOKVlfJtQ/2v3Afg3wOnHl/+tXotEs8z5vOrg==

object-inspect@^1.11.0, object-inspect@^1.9.0:
  version "1.11.0"
  resolved "https://registry.yarnpkg.com/object-inspect/-/object-inspect-1.11.0.tgz#9dceb146cedd4148a0d9e51ab88d34cf509922b1"
  integrity sha512-jp7ikS6Sd3GxQfZJPyH3cjcbJF6GZPClgdV+EFygjFLQ5FmW/dRUnTd9PQ9k0JhoNDabWFbpF1yCdSWCC6gexg==

object-is@^1.1.4:
  version "1.1.5"
  resolved "https://registry.yarnpkg.com/object-is/-/object-is-1.1.5.tgz#b9deeaa5fc7f1846a0faecdceec138e5778f53ac"
  integrity sha512-3cyDsyHgtmi7I7DfSSI2LDp6SK2lwvtbg0p0R1e0RvTqF5ceGx+K2dfSjm1bKDMVCFEDAQvy+o8c6a7VujOddw==
  dependencies:
    call-bind "^1.0.2"
    define-properties "^1.1.3"

object-keys@^1.0.12, object-keys@^1.1.1:
  version "1.1.1"
  resolved "https://registry.yarnpkg.com/object-keys/-/object-keys-1.1.1.tgz#1c47f272df277f3b1daf061677d9c82e2322c60e"
  integrity sha512-NuAESUOUMrlIXOfHKzD6bpPu3tYt3xvjNdRIQ+FeT0lNb4K8WR70CaDxhuNguS2XG+GjkyMwOzsN5ZktImfhLA==

object.assign@^4.1.2:
  version "4.1.2"
  resolved "https://registry.yarnpkg.com/object.assign/-/object.assign-4.1.2.tgz#0ed54a342eceb37b38ff76eb831a0e788cb63940"
  integrity sha512-ixT2L5THXsApyiUPYKmW+2EHpXXe5Ii3M+f4e+aJFAHao5amFRW6J0OO6c/LU8Be47utCx2GL89hxGB6XSmKuQ==
  dependencies:
    call-bind "^1.0.0"
    define-properties "^1.1.3"
    has-symbols "^1.0.1"
    object-keys "^1.1.1"

regexp.prototype.flags@^1.3.0:
  version "1.3.1"
  resolved "https://registry.yarnpkg.com/regexp.prototype.flags/-/regexp.prototype.flags-1.3.1.tgz#7ef352ae8d159e758c0eadca6f8fcb4eef07be26"
  integrity sha512-JiBdRBq91WlY7uRJ0ds7R+dU02i6LKi8r3BuQhNXn+kmeLN+EfHhfjqMRis1zJxnlu88hq/4dx0P2OP3APRTOA==
  dependencies:
    call-bind "^1.0.2"
    define-properties "^1.1.3"

side-channel@^1.0.3, side-channel@^1.0.4:
  version "1.0.4"
  resolved "https://registry.yarnpkg.com/side-channel/-/side-channel-1.0.4.tgz#efce5c8fdc104ee751b25c58d4290011fa5ea2cf"
  integrity sha512-q5XPytqFEIKHkGdiMIrY10mvLRvnQh42/+GoBlFW3b2LXLE2xxJpZFdm94we0BaoV3RwJyGqg5wS7epxTv0Zvw==
  dependencies:
    call-bind "^1.0.0"
    get-intrinsic "^1.0.2"
    object-inspect "^1.9.0"

string.prototype.trimend@^1.0.4:
  version "1.0.4"
  resolved "https://registry.yarnpkg.com/string.prototype.trimend/-/string.prototype.trimend-1.0.4.tgz#e75ae90c2942c63504686c18b287b4a0b1a45f80"
  integrity sha512-y9xCjw1P23Awk8EvTpcyL2NIr1j7wJ39f+k6lvRnSMz+mz9CGz9NYPelDk42kOz6+ql8xjfK8oYzy3jAP5QU5A==
  dependencies:
    call-bind "^1.0.2"
    define-properties "^1.1.3"

string.prototype.trimstart@^1.0.4:
  version "1.0.4"
  resolved "https://registry.yarnpkg.com/string.prototype.trimstart/-/string.prototype.trimstart-1.0.4.tgz#b36399af4ab2999b4c9c648bd7a3fb2bb26feeed"
  integrity sha512-jh6e984OBfvxS50tdY2nRZnoC5/mLFKOREQfw8t5yytkoUsJRNxvI/E39qu1sD0OtWI3OC0XgKSmcWwziwYuZw==
  dependencies:
    call-bind "^1.0.2"
    define-properties "^1.1.3"

unbox-primitive@^1.0.1:
  version "1.0.1"
  resolved "https://registry.yarnpkg.com/unbox-primitive/-/unbox-primitive-1.0.1.tgz#085e215625ec3162574dc8859abee78a59b14471"
  integrity sha512-tZU/3NqK3dA5gpE1KtyiJUrEB0lxnGkMFHptJ7q6ewdZ8s12QrODwNbhIJStmJkd1QDXa1NRA8aF2A1zk/Ypyw==
  dependencies:
    function-bind "^1.1.1"
    has-bigints "^1.0.1"
    has-symbols "^1.0.2"
    which-boxed-primitive "^1.0.2"

which-boxed-primitive@^1.0.1, which-boxed-primitive@^1.0.2:
  version "1.0.2"
  resolved "https://registry.yarnpkg.com/which-boxed-primitive/-/which-boxed-primitive-1.0.2.tgz#13757bc89b209b049fe5d86430e21cf40a89a8e6"
  integrity sha512-bwZdv0AKLpplFY2KZRX6TvyuN7ojjr7lwkg6ml0roIy9YeuSr7JS372qlNW18UQYzgYK9ziGcerWqZOmEn9VNg==
  dependencies:
    is-bigint "^1.0.1"
    is-boolean-object "^1.1.0"
    is-number-object "^1.0.4"
    is-string "^1.0.5"
    is-symbol "^1.0.3"

which-collection@^1.0.1:
  version "1.0.1"
  resolved "https://registry.yarnpkg.com/which-collection/-/which-collection-1.0.1.tgz#70eab71ebbbd2aefaf32f917082fc62cdcb70906"
  integrity sha512-W8xeTUwaln8i3K/cY1nGXzdnVZlidBcagyNFtBdD5kxnb4TvGKR7FfSIS3mYpwWS1QUCutfKz8IY8RjftB0+1A==
  dependencies:
    is-map "^2.0.1"
    is-set "^2.0.1"
    is-weakmap "^2.0.1"
    is-weakset "^2.0.1"

which-typed-array@^1.1.2:
  version "1.1.7"
  resolved "https://registry.yarnpkg.com/which-typed-array/-/which-typed-array-1.1.7.tgz#2761799b9a22d4b8660b3c1b40abaa7739691793"
  integrity sha512-vjxaB4nfDqwKI0ws7wZpxIlde1XrLX5uB0ZjpfshgmapJMD7jJWhZI+yToJTqaFByF0eNBcYxbjmCzoRP7CfEw==
  dependencies:
    available-typed-arrays "^1.0.5"
    call-bind "^1.0.2"
    es-abstract "^1.18.5"
    foreach "^2.0.5"
    has-tostringtag "^1.0.0"
    is-typed-array "^1.1.7"
