# THIS IS AN AUTOGENERATED FILE. DO NOT EDIT THIS FILE DIRECTLY.
# yarn lockfile v1


"@candlelib/conflagrate@0.5.2":
  version "0.5.2"
  resolved "https://registry.npmjs.org/@candlelib/conflagrate/-/conflagrate-0.5.2.tgz#c17e42ec2604a4dba7a5ef6999152a0eae1294bc"
  integrity sha512-ZnCgfPz2YD5S/Bai0hDW9KUWTeBKBsauUaK5xRRoH1XOIpyBN/QdbF1YfJg7FJugNsL7+JtlLzwtX5LB8VjBZA==
  dependencies:
    "@candlelib/hydrocarbon" "0.14.7"
    "@candlelib/uri" "0.3.0"
    "@candlelib/wind" "0.5.4"

"@candlelib/css@0.3.18":
  version "0.3.18"
  resolved "https://registry.npmjs.org/@candlelib/css/-/css-0.3.18.tgz#09738b1f748ed6c94667caef24801be6b6fa6345"
  integrity sha512-ucid6vt/jDpdSklrh46TIYz5jhLJ/236cGLHgozMTVb9SR85vEyEYa+U8qxnPrHNkdkQlRfBqVaq+L6Dy2TMQw==
  dependencies:
    "@candlelib/conflagrate" "0.5.2"
    "@candlelib/hydrocarbon" "0.14.7"
    "@candlelib/uri" "0.3.0"

"@candlelib/glow@0.4.17":
  version "0.4.17"
  resolved "https://registry.npmjs.org/@candlelib/glow/-/glow-0.4.17.tgz#367821ec09a58d271bb50af47d94216e5a2e60b5"
  integrity sha512-5owG8KG1nvRLgfSiPSb0x0AyCzKvHM+GuxYH6b0RROLRna3m17aTuFxRObddmz81yADnL7YhCrjv7qA3UOy0OQ==
  dependencies:
    "@candlelib/css" "0.3.18"
    "@candlelib/spark" "0.3.4"

"@candlelib/html@0.2.5":
  version "0.2.5"
  resolved "https://registry.npmjs.org/@candlelib/html/-/html-0.2.5.tgz#d0d5f945118a38b5c3ad45a3b3c523a3b30cad88"
  integrity sha512-wmPzS6YR8/RXjZhFNveVvY4qa931CTRG/wZLMB/lhjE2WZ5Aukc9/znA11UCmDp0vhAVY9qBdU51dX8duzCWTQ==
  dependencies:
    "@candlelib/uri" "0.3.0"
    "@candlelib/wind" "0.5.4"

"@candlelib/hydrocarbon@0.14.7":
  version "0.14.7"
  resolved "https://registry.npmjs.org/@candlelib/hydrocarbon/-/hydrocarbon-0.14.7.tgz#445b80aab88879f3614573c4eebe02c90881e101"
  integrity sha512-pwC4oA8oQIctS6WCh3E28so1d60Z0ZcSoMfO2XNNysth3mr/XJ95HxOlafGndIpABrHqJTTTWq2INkMpiEx31Q==
  dependencies:
    "@candlelib/conflagrate" "0.5.2"
    "@candlelib/js" "0.5.18"
    "@candlelib/log" "0.2.0"
    "@candlelib/paraffin" "0.1.18"
    "@candlelib/uri" "0.3.0"
    "@candlelib/wind" "0.5.4"

"@candlelib/js@0.5.18":
  version "0.5.18"
  resolved "https://registry.npmjs.org/@candlelib/js/-/js-0.5.18.tgz#3c06ee17b74b87e43c2d73ca833952372c68119e"
  integrity sha512-1Eg7f9o38lRsH6wWJtEr6gfFrUYOcWKwZlne574AuYu5+F2MHM5qH2MZ6mDUrmR+cqUFaFUe3cbb0k7Tyk/HYA==
  dependencies:
    "@candlelib/conflagrate" "0.5.2"
    "@candlelib/hydrocarbon" "0.14.7"
    "@candlelib/uri" "0.3.0"
    "@candlelib/wind" "0.5.4"

"@candlelib/log@0.2.0":
  version "0.2.0"
  resolved "https://registry.npmjs.org/@candlelib/log/-/log-0.2.0.tgz#409a1cea8a74e17b797a7e679af56e0fa5ad7b17"
  integrity sha512-efkfuQlBLMWLrqShmnEbtBiPFcNnuP2r9dh25rQCVGhsyNmmQ6EiaLPY1cfXm0wB3hxF5/TNeWgfKM0iP3yGzg==

"@candlelib/paraffin@0.1.18":
  version "0.1.18"
  resolved "https://registry.npmjs.org/@candlelib/paraffin/-/paraffin-0.1.18.tgz#b336d79ac53289a4c9a3a2088a176b89304665c5"
  integrity sha512-YopuGhsulossHwGiDaCrtzRrB3Ogsn7PlUPq7rgo7T7x4YFJvFomyOWSwdOSxI16qXlIeGispv7iUA3oH0zC6w==
  dependencies:
    "@candlelib/conflagrate" "0.5.2"
    "@candlelib/css" "0.3.18"
    "@candlelib/html" "0.2.5"
    "@candlelib/hydrocarbon" "0.14.7"
    "@candlelib/log" "0.2.0"
    "@candlelib/uri" "0.3.0"
    "@candlelib/wick" "0.16.1"
    "@candlelib/wind" "0.5.4"

"@candlelib/spark@0.3.4":
  version "0.3.4"
  resolved "https://registry.npmjs.org/@candlelib/spark/-/spark-0.3.4.tgz#5fdc6644d5370ce315397c8249a514eee2cf850b"
  integrity sha512-OKIMTqZCh6euH4Y5dQuL2RbaLAw0/HVr+prZ+K1Zmm/hdom+wlI0GS1z/Bgrk6qQZLFfjO4EMJ3f5jKYKtxULA==

"@candlelib/uri@0.3.0":
  version "0.3.0"
  resolved "https://registry.npmjs.org/@candlelib/uri/-/uri-0.3.0.tgz#fb31bb17fd53b87aaaf90116d1dc0c0e7747372b"
  integrity sha512-ojm4nSpYum3+VNgjOz0rWLCvUn2tgXzqrVu+CTAoORsCX246orFD3V3NA+lYd2/F/q4oUll2UelM9kPN7Ads8Q==

"@candlelib/wick@0.16.1":
  version "0.16.1"
  resolved "https://registry.npmjs.org/@candlelib/wick/-/wick-0.16.1.tgz#fef5bf1ac6e52ddfcbce18def94e48830ffe6cb8"
  integrity sha512-AP7gGpaBK5L8dE7rUHsUWoZBk9f++Z6Cp+omeqnY/q+qWLq8qJm2Q+bOS9/fCykANYVN4VJtHkw8CtrDsF5k1g==
  dependencies:
    "@candlelib/conflagrate" "0.5.2"
    "@candlelib/css" "0.3.18"
    "@candlelib/glow" "0.4.17"
    "@candlelib/html" "0.2.5"
    "@candlelib/hydrocarbon" "0.14.7"
    "@candlelib/js" "0.5.18"
    "@candlelib/log" "0.2.0"
    "@candlelib/paraffin" "0.1.18"
    "@candlelib/spark" "0.3.4"
    "@candlelib/uri" "0.3.0"
    "@candlelib/wind" "0.5.4"

"@candlelib/wind@0.5.4":
  version "0.5.4"
  resolved "https://registry.npmjs.org/@candlelib/wind/-/wind-0.5.4.tgz#30a76620c74d15e919e232f689b426e285b154fe"
  integrity sha512-dLFmWIVWM715sFefBKOs5Vc9sz3MzgVWHkXzwjVP2VtgGQxG8a+nfOS1J0IfoL0l9bFbKntKXc9j79NPepwCaw==

"@types/node@^16.4.13":
  version "16.4.13"
  resolved "https://registry.yarnpkg.com/@types/node/-/node-16.4.13.tgz#7dfd9c14661edc65cccd43a29eb454174642370d"
  integrity sha512-bLL69sKtd25w7p1nvg9pigE4gtKVpGTPojBFLMkGHXuUgap2sLqQt2qUnqmVCDfzGUL0DRNZP+1prIZJbMeAXg==
