# This file is automatically @generated by Cargo.
# It is not intended for manual editing.
version = 3

[[package]]
name = "candlelib_hc_sandbox"
version = "0.1.0"
dependencies = [
 "candlelib_hydrocarbon",
 "coz",
]

[[package]]
name = "candlelib_hydrocarbon"
version = "0.1.0"
dependencies = [
 "coz",
]

[[package]]
name = "coz"
version = "0.1.3"
source = "registry+https://github.com/rust-lang/crates.io-index"
checksum = "cef55b3fe2f5477d59e12bc792e8b3c95a25bd099eadcfae006ecea136de76e2"
dependencies = [
 "libc",
 "once_cell",
]

[[package]]
name = "libc"
version = "0.2.105"
source = "registry+https://github.com/rust-lang/crates.io-index"
checksum = "869d572136620d55835903746bcb5cdc54cb2851fd0aeec53220b4bb65ef3013"

[[package]]
name = "once_cell"
version = "1.8.0"
source = "registry+https://github.com/rust-lang/crates.io-index"
checksum = "692fcb63b64b1758029e0a96ee63e049ce8c5948587f2f7208df04625e5f6b56"
